
Microsoft Visual Studio Solution File, Format Version 12.00
# Visual Studio Version 17
VisualStudioVersion = 17.1.32228.430
MinimumVisualStudioVersion = 10.0.40219.1
Project("{FAE04EC0-301F-11D3-BF4B-00C04F79EFBC}") = "SEDC.Oop.GuessTheNumber", "SEDC.Oop.GuessTheNumber\SEDC.Oop.GuessTheNumber.csproj", "{D6133AFB-3C9B-48DF-80EF-6C8660A258C6}"
EndProject
Global
	GlobalSection(SolutionConfigurationPlatforms) = preSolution
		Debug|Any CPU = Debug|Any CPU
		Release|Any CPU = Release|Any CPU
	EndGlobalSection
	GlobalSection(ProjectConfigurationPlatforms) = postSolution
		{D6133AFB-3C9B-48DF-80EF-6C8660A258C6}.Debug|Any CPU.ActiveCfg = Debug|Any CPU
		{D6133AFB-3C9B-48DF-80EF-6C8660A258C6}.Debug|Any CPU.Build.0 = Debug|Any CPU
		{D6133AFB-3C9B-48DF-80EF-6C8660A258C6}.Release|Any CPU.ActiveCfg = Release|Any CPU
		{D6133AFB-3C9B-48DF-80EF-6C8660A258C6}.Release|Any CPU.Build.0 = Release|Any CPU
	EndGlobalSection
	GlobalSection(SolutionProperties) = preSolution
		HideSolutionNode = FALSE
	EndGlobalSection
	GlobalSection(ExtensibilityGlobals) = postSolution
		SolutionGuid = {55FA8926-3FFC-47FF-8684-43E4B2C0405D}
	EndGlobalSection
EndGlobal
